// !$*UTF8*$!
{
	archiveVersion = 1;
	classes = {
	};
	objectVersion = 46;
	objects = {

/* Begin PBXAggregateTarget section */
		338FE95BADD74B27A1CB5BD6 /* ZERO_CHECK */ = {
			isa = PBXAggregateTarget;
			buildConfigurationList = 09EACCA1C43F4A2AA721B549 /* Build configuration list for PBXAggregateTarget "ZERO_CHECK" */;
			buildPhases = (
				A679DA07118D4723970B0EE9 /* CMake Rules */,
			);
			dependencies = (
			);
			name = ZERO_CHECK;
			productName = ZERO_CHECK;
		};
		FC72C3C505AB4804BA105ED7 /* ALL_BUILD */ = {
			isa = PBXAggregateTarget;
			buildConfigurationList = 92472A60E0084C22B4EB049B /* Build configuration list for PBXAggregateTarget "ALL_BUILD" */;
			buildPhases = (
				FB98FA3990C142E9B1DD7F80 /* CMake Rules */,
			);
			dependencies = (
				DF641C62FE7949EE81A80FF6 /* PBXTargetDependency */,
				7D2EDF048E6844A1B96409B1 /* PBXTargetDependency */,
			);
			name = ALL_BUILD;
			productName = ALL_BUILD;
		};
/* End PBXAggregateTarget section */

/* Begin PBXBuildFile section */
		0B5C6C5F014240CCA7DF6D2C /* /Volumes/Transcend/Udacity/extended_kalman_filter/src/kalman_filter.h */ = {isa = PBXBuildFile; fileRef = 47DAEB6649EF4126BD8AFD26 /* /Volumes/Transcend/Udacity/extended_kalman_filter/src/kalman_filter.h */; };
		70CFFAE51B454B27AFAA3A09 /* /Volumes/Transcend/Udacity/extended_kalman_filter/src/main.cpp */ = {isa = PBXBuildFile; fileRef = 8BAF092EF9484041A90BF23B /* /Volumes/Transcend/Udacity/extended_kalman_filter/src/main.cpp */; };
		78BB8457426441629AE6B38F /* /Volumes/Transcend/Udacity/extended_kalman_filter/src/kalman_filter.cpp */ = {isa = PBXBuildFile; fileRef = EC26779E03C84BDF9A4232B3 /* /Volumes/Transcend/Udacity/extended_kalman_filter/src/kalman_filter.cpp */; };
		82BDE3DA0B164DB59FB7C89F /* /Volumes/Transcend/Udacity/extended_kalman_filter/src/FusionEKF.cpp */ = {isa = PBXBuildFile; fileRef = 5FFC5AE5B7A64AC28458C473 /* /Volumes/Transcend/Udacity/extended_kalman_filter/src/FusionEKF.cpp */; };
		9137795D069148B881D21D95 /* /Volumes/Transcend/Udacity/extended_kalman_filter/CMakeLists.txt */ = {isa = PBXBuildFile; fileRef = B91C6F1CF3F44251A566D9C8 /* /Volumes/Transcend/Udacity/extended_kalman_filter/CMakeLists.txt */; };
		999CE845AD8A448792B8F76A /* /Volumes/Transcend/Udacity/extended_kalman_filter/src/tools.h */ = {isa = PBXBuildFile; fileRef = ED8DC451CBFA4190BFD3A825 /* /Volumes/Transcend/Udacity/extended_kalman_filter/src/tools.h */; };
		C94E8820A9B04C4BAB66A7E8 /* /Volumes/Transcend/Udacity/extended_kalman_filter/src/FusionEKF.h */ = {isa = PBXBuildFile; fileRef = 6B520B076BBE4A31AC78D1C1 /* /Volumes/Transcend/Udacity/extended_kalman_filter/src/FusionEKF.h */; };
		FCE2C92D691A4CBF91BEAC24 /* /Volumes/Transcend/Udacity/extended_kalman_filter/src/tools.cpp */ = {isa = PBXBuildFile; fileRef = 3C9E95291B84456AACC2F874 /* /Volumes/Transcend/Udacity/extended_kalman_filter/src/tools.cpp */; };
/* End PBXBuildFile section */

/* Begin PBXBuildStyle section */
		BEA814C78CF3438AA8B85452 /* Debug */ = {
			isa = PBXBuildStyle;
			buildSettings = {
				COPY_PHASE_STRIP = NO;
			};
			name = Debug;
		};
		CF43002C2C6C47D980E4CC22 /* Release */ = {
			isa = PBXBuildStyle;
			buildSettings = {
				COPY_PHASE_STRIP = NO;
			};
			name = Release;
		};
		D1AC1A0E2D9D4C9B9148F9A6 /* MinSizeRel */ = {
			isa = PBXBuildStyle;
			buildSettings = {
				COPY_PHASE_STRIP = NO;
			};
			name = MinSizeRel;
		};
		E682B3EB838142ACB65283A5 /* RelWithDebInfo */ = {
			isa = PBXBuildStyle;
			buildSettings = {
				COPY_PHASE_STRIP = NO;
			};
			name = RelWithDebInfo;
		};
/* End PBXBuildStyle section */

/* Begin PBXContainerItemProxy section */
		7576EB200C6546D3B4FA7437 /* PBXContainerItemProxy */ = {
			isa = PBXContainerItemProxy;
			containerPortal = FB073E6233134DE995B0C959 /* Project object */;
			proxyType = 1;
			remoteGlobalIDString = 338FE95BADD74B27A1CB5BD6;
			remoteInfo = ZERO_CHECK;
		};
		8776FB422FC041F68C470DA4 /* PBXContainerItemProxy */ = {
			isa = PBXContainerItemProxy;
			containerPortal = FB073E6233134DE995B0C959 /* Project object */;
			proxyType = 1;
			remoteGlobalIDString = 8C4B7D0BCF4047AFA7E39857;
			remoteInfo = ExtendedKF;
		};
		ABC4983F78344782A0913A50 /* PBXContainerItemProxy */ = {
			isa = PBXContainerItemProxy;
			containerPortal = FB073E6233134DE995B0C959 /* Project object */;
			proxyType = 1;
			remoteGlobalIDString = 338FE95BADD74B27A1CB5BD6;
			remoteInfo = ZERO_CHECK;
		};
/* End PBXContainerItemProxy section */

/* Begin PBXFileReference section */
		2C94988FCE6B49A1826265B1 /* /Volumes/Transcend/Udacity/extended_kalman_filter/CMakeLists.txt */ = {isa = PBXFileReference; explicitFileType = sourcecode.text; fileEncoding = 4; name = CMakeLists.txt; path = CMakeLists.txt; sourceTree = SOURCE_ROOT; };
		33CAFEA265954865A24FD0E6 /* ExtendedKF */ = {isa = PBXFileReference; explicitFileType = "compiled.mach-o.executable"; path = ExtendedKF; sourceTree = BUILT_PRODUCTS_DIR; };
		3C9E95291B84456AACC2F874 /* /Volumes/Transcend/Udacity/extended_kalman_filter/src/tools.cpp */ = {isa = PBXFileReference; explicitFileType = sourcecode.cpp.cpp; fileEncoding = 4; name = tools.cpp; path = src/tools.cpp; sourceTree = SOURCE_ROOT; };
		47DAEB6649EF4126BD8AFD26 /* /Volumes/Transcend/Udacity/extended_kalman_filter/src/kalman_filter.h */ = {isa = PBXFileReference; explicitFileType = sourcecode.c.h; fileEncoding = 4; name = kalman_filter.h; path = src/kalman_filter.h; sourceTree = SOURCE_ROOT; };
		5FFC5AE5B7A64AC28458C473 /* /Volumes/Transcend/Udacity/extended_kalman_filter/src/FusionEKF.cpp */ = {isa = PBXFileReference; explicitFileType = sourcecode.cpp.cpp; fileEncoding = 4; name = FusionEKF.cpp; path = src/FusionEKF.cpp; sourceTree = SOURCE_ROOT; };
		6B520B076BBE4A31AC78D1C1 /* /Volumes/Transcend/Udacity/extended_kalman_filter/src/FusionEKF.h */ = {isa = PBXFileReference; explicitFileType = sourcecode.c.h; fileEncoding = 4; name = FusionEKF.h; path = src/FusionEKF.h; sourceTree = SOURCE_ROOT; };
		8BAF092EF9484041A90BF23B /* /Volumes/Transcend/Udacity/extended_kalman_filter/src/main.cpp */ = {isa = PBXFileReference; explicitFileType = sourcecode.cpp.cpp; fileEncoding = 4; name = main.cpp; path = src/main.cpp; sourceTree = SOURCE_ROOT; };
		B91C6F1CF3F44251A566D9C8 /* /Volumes/Transcend/Udacity/extended_kalman_filter/CMakeLists.txt */ = {isa = PBXFileReference; explicitFileType = sourcecode.text; fileEncoding = 4; name = CMakeLists.txt; path = CMakeLists.txt; sourceTree = SOURCE_ROOT; };
		EC26779E03C84BDF9A4232B3 /* /Volumes/Transcend/Udacity/extended_kalman_filter/src/kalman_filter.cpp */ = {isa = PBXFileReference; explicitFileType = sourcecode.cpp.cpp; fileEncoding = 4; name = kalman_filter.cpp; path = src/kalman_filter.cpp; sourceTree = SOURCE_ROOT; };
		ED8DC451CBFA4190BFD3A825 /* /Volumes/Transcend/Udacity/extended_kalman_filter/src/tools.h */ = {isa = PBXFileReference; explicitFileType = sourcecode.c.h; fileEncoding = 4; name = tools.h; path = src/tools.h; sourceTree = SOURCE_ROOT; };
		FA9EB51DEB7A4CD5A957566B /* /Volumes/Transcend/Udacity/extended_kalman_filter/CMakeLists.txt */ = {isa = PBXFileReference; explicitFileType = sourcecode.text; fileEncoding = 4; name = CMakeLists.txt; path = CMakeLists.txt; sourceTree = SOURCE_ROOT; };
/* End PBXFileReference section */

/* Begin PBXGroup section */
		046DEDACB3F44D3186E21553 /* CMake Rules */ = {
			isa = PBXGroup;
			children = (
			);
			name = "CMake Rules";
			sourceTree = "<group>";
		};
		0572B36328DD4FFD94229FC6 = {
			isa = PBXGroup;
			children = (
				05EBCBC91A284C4BBEDCE400 /* ExtendedKF */,
				6CFB95B8AB154A98B4F46DAD /* ALL_BUILD */,
				B9F0B6CED6A34DF29227B18E /* ZERO_CHECK */,
				526AA443D67B4C6195700D88 /* Products */,
			);
			sourceTree = "<group>";
		};
		05EBCBC91A284C4BBEDCE400 /* ExtendedKF */ = {
			isa = PBXGroup;
			children = (
				8BAA1B096A99419F897B5583 /* Source Files */,
				407AB76054FF41AB81742B44 /* Header Files */,
				B91C6F1CF3F44251A566D9C8 /* /Volumes/Transcend/Udacity/extended_kalman_filter/CMakeLists.txt */,
			);
			name = ExtendedKF;
			sourceTree = "<group>";
		};
		407AB76054FF41AB81742B44 /* Header Files */ = {
			isa = PBXGroup;
			children = (
				6B520B076BBE4A31AC78D1C1 /* /Volumes/Transcend/Udacity/extended_kalman_filter/src/FusionEKF.h */,
				47DAEB6649EF4126BD8AFD26 /* /Volumes/Transcend/Udacity/extended_kalman_filter/src/kalman_filter.h */,
				ED8DC451CBFA4190BFD3A825 /* /Volumes/Transcend/Udacity/extended_kalman_filter/src/tools.h */,
			);
			name = "Header Files";
			sourceTree = "<group>";
		};
		526AA443D67B4C6195700D88 /* Products */ = {
			isa = PBXGroup;
			children = (
				33CAFEA265954865A24FD0E6 /* ExtendedKF */,
			);
			name = Products;
			sourceTree = "<group>";
		};
		5FE0E365D59C41DEAFBC3E79 /* CMake Rules */ = {
			isa = PBXGroup;
			children = (
			);
			name = "CMake Rules";
			sourceTree = "<group>";
		};
		6CFB95B8AB154A98B4F46DAD /* ALL_BUILD */ = {
			isa = PBXGroup;
			children = (
				046DEDACB3F44D3186E21553 /* CMake Rules */,
				2C94988FCE6B49A1826265B1 /* /Volumes/Transcend/Udacity/extended_kalman_filter/CMakeLists.txt */,
			);
			name = ALL_BUILD;
			sourceTree = "<group>";
		};
		8BAA1B096A99419F897B5583 /* Source Files */ = {
			isa = PBXGroup;
			children = (
				5FFC5AE5B7A64AC28458C473 /* /Volumes/Transcend/Udacity/extended_kalman_filter/src/FusionEKF.cpp */,
				EC26779E03C84BDF9A4232B3 /* /Volumes/Transcend/Udacity/extended_kalman_filter/src/kalman_filter.cpp */,
				8BAF092EF9484041A90BF23B /* /Volumes/Transcend/Udacity/extended_kalman_filter/src/main.cpp */,
				3C9E95291B84456AACC2F874 /* /Volumes/Transcend/Udacity/extended_kalman_filter/src/tools.cpp */,
			);
			name = "Source Files";
			sourceTree = "<group>";
		};
		B9F0B6CED6A34DF29227B18E /* ZERO_CHECK */ = {
			isa = PBXGroup;
			children = (
				5FE0E365D59C41DEAFBC3E79 /* CMake Rules */,
				FA9EB51DEB7A4CD5A957566B /* /Volumes/Transcend/Udacity/extended_kalman_filter/CMakeLists.txt */,
			);
			name = ZERO_CHECK;
			sourceTree = "<group>";
		};
/* End PBXGroup section */

/* Begin PBXNativeTarget section */
		8C4B7D0BCF4047AFA7E39857 /* ExtendedKF */ = {
			isa = PBXNativeTarget;
			buildConfigurationList = AFCDEC55776046E39B6654F0 /* Build configuration list for PBXNativeTarget "ExtendedKF" */;
			buildPhases = (
				8F7BAC152719466A9AC38C22 /* Sources */,
			);
			buildRules = (
			);
			dependencies = (
				6A608F50D7C947E4A9618197 /* PBXTargetDependency */,
			);
			name = ExtendedKF;
			productName = ExtendedKF;
			productReference = 33CAFEA265954865A24FD0E6 /* ExtendedKF */;
			productType = "com.apple.product-type.tool";
		};
/* End PBXNativeTarget section */

/* Begin PBXProject section */
		FB073E6233134DE995B0C959 /* Project object */ = {
			isa = PBXProject;
			attributes = {
				BuildIndependentTargetsInParallel = YES;
				LastUpgradeCheck = 0920;
			};
			buildConfigurationList = 03BE74AFB155489CA66700C5 /* Build configuration list for PBXProject "ExtendedKF" */;
			buildSettings = {
			};
			buildStyles = (
				BEA814C78CF3438AA8B85452 /* Debug */,
				CF43002C2C6C47D980E4CC22 /* Release */,
				D1AC1A0E2D9D4C9B9148F9A6 /* MinSizeRel */,
				E682B3EB838142ACB65283A5 /* RelWithDebInfo */,
			);
			compatibilityVersion = "Xcode 3.2";
			hasScannedForEncodings = 0;
			mainGroup = 0572B36328DD4FFD94229FC6;
			projectDirPath = .;
			projectRoot = "";
			targets = (
				FC72C3C505AB4804BA105ED7 /* ALL_BUILD */,
				8C4B7D0BCF4047AFA7E39857 /* ExtendedKF */,
				338FE95BADD74B27A1CB5BD6 /* ZERO_CHECK */,
			);
		};
/* End PBXProject section */

/* Begin PBXShellScriptBuildPhase section */
		242743F2C21D493D8AFEA21B = {
			isa = PBXShellScriptBuildPhase;
			buildActionMask = 2147483647;
			files = (
			);
			inputPaths = (
			);
			outputPaths = (
			);
			runOnlyForDeploymentPostprocessing = 0;
			shellPath = /bin/sh;
			shellScript = "# shell script goes here
exit 0";
			showEnvVarsInLog = 0;
		};
		A679DA07118D4723970B0EE9 /* CMake Rules */ = {
			isa = PBXShellScriptBuildPhase;
			buildActionMask = 2147483647;
			files = (
			);
			name = "CMake Rules";
			runOnlyForDeploymentPostprocessing = 0;
			shellPath = /bin/sh;
			shellScript = "make -C /Volumes/Transcend/Udacity/extended_kalman_filter -f /Volumes/Transcend/Udacity/extended_kalman_filter/CMakeScripts/ZERO_CHECK_cmakeRulesBuildPhase.make$CONFIGURATION all";
			showEnvVarsInLog = 0;
		};
		E1FE569DF47D4B8FA82EA5A6 = {
			isa = PBXShellScriptBuildPhase;
			buildActionMask = 2147483647;
			files = (
			);
			inputPaths = (
			);
			outputPaths = (
			);
			runOnlyForDeploymentPostprocessing = 0;
			shellPath = /bin/sh;
			shellScript = "# shell script goes here
exit 0";
			showEnvVarsInLog = 0;
		};
		FB98FA3990C142E9B1DD7F80 /* CMake Rules */ = {
			isa = PBXShellScriptBuildPhase;
			buildActionMask = 2147483647;
			files = (
			);
			name = "CMake Rules";
			runOnlyForDeploymentPostprocessing = 0;
			shellPath = /bin/sh;
			shellScript = "make -C /Volumes/Transcend/Udacity/extended_kalman_filter -f /Volumes/Transcend/Udacity/extended_kalman_filter/CMakeScripts/ALL_BUILD_cmakeRulesBuildPhase.make$CONFIGURATION all";
			showEnvVarsInLog = 0;
		};
/* End PBXShellScriptBuildPhase section */

/* Begin PBXSourcesBuildPhase section */
		8F7BAC152719466A9AC38C22 /* Sources */ = {
			isa = PBXSourcesBuildPhase;
			buildActionMask = 2147483647;
			files = (
				82BDE3DA0B164DB59FB7C89F /* /Volumes/Transcend/Udacity/extended_kalman_filter/src/FusionEKF.cpp */,
				78BB8457426441629AE6B38F /* /Volumes/Transcend/Udacity/extended_kalman_filter/src/kalman_filter.cpp */,
				70CFFAE51B454B27AFAA3A09 /* /Volumes/Transcend/Udacity/extended_kalman_filter/src/main.cpp */,
				FCE2C92D691A4CBF91BEAC24 /* /Volumes/Transcend/Udacity/extended_kalman_filter/src/tools.cpp */,
			);
			runOnlyForDeploymentPostprocessing = 0;
		};
/* End PBXSourcesBuildPhase section */

/* Begin PBXTargetDependency section */
		6A608F50D7C947E4A9618197 /* PBXTargetDependency */ = {
			isa = PBXTargetDependency;
			target = 338FE95BADD74B27A1CB5BD6 /* ZERO_CHECK */;
			targetProxy = 7576EB200C6546D3B4FA7437 /* PBXContainerItemProxy */;
		};
		7D2EDF048E6844A1B96409B1 /* PBXTargetDependency */ = {
			isa = PBXTargetDependency;
			target = 338FE95BADD74B27A1CB5BD6 /* ZERO_CHECK */;
			targetProxy = ABC4983F78344782A0913A50 /* PBXContainerItemProxy */;
		};
		DF641C62FE7949EE81A80FF6 /* PBXTargetDependency */ = {
			isa = PBXTargetDependency;
			target = 8C4B7D0BCF4047AFA7E39857 /* ExtendedKF */;
			targetProxy = 8776FB422FC041F68C470DA4 /* PBXContainerItemProxy */;
		};
/* End PBXTargetDependency section */

/* Begin XCBuildConfiguration section */
		0A6A7BD6E9F4419B8E258822 /* RelWithDebInfo */ = {
			isa = XCBuildConfiguration;
			buildSettings = {
				ONLY_ACTIVE_ARCH = YES;
				SDKROOT = /Library/Developer/CommandLineTools/SDKs/MacOSX10.13.sdk;
				SYMROOT = /Volumes/Transcend/Udacity/extended_kalman_filter/build;
			};
			name = RelWithDebInfo;
		};
		103932A98DE849EA9467811F /* MinSizeRel */ = {
			isa = XCBuildConfiguration;
			buildSettings = {
				ONLY_ACTIVE_ARCH = YES;
				SDKROOT = /Library/Developer/CommandLineTools/SDKs/MacOSX10.13.sdk;
				SYMROOT = /Volumes/Transcend/Udacity/extended_kalman_filter/build;
			};
			name = MinSizeRel;
		};
		1B554A8ED6C4441C8292F588 /* MinSizeRel */ = {
			isa = XCBuildConfiguration;
			buildSettings = {
				COMBINE_HIDPI_IMAGES = YES;
				GCC_GENERATE_DEBUGGING_SYMBOLS = YES;
				GCC_INLINES_ARE_PRIVATE_EXTERN = NO;
				GCC_OPTIMIZATION_LEVEL = 0;
				GCC_PREPROCESSOR_DEFINITIONS = ("'CMAKE_INTDIR=\"$(CONFIGURATION)$(EFFECTIVE_PLATFORM_NAME)\"'");
				GCC_SYMBOLS_PRIVATE_EXTERN = NO;
				HEADER_SEARCH_PATHS = (/usr/local/include,/usr/local/opt/openssl/include);
				INSTALL_PATH = "";
				OTHER_LDFLAGS = " ";
				OTHER_REZFLAGS = "";
				PRODUCT_NAME = ALL_BUILD;
				SECTORDER_FLAGS = "";
				SYMROOT = /Volumes/Transcend/Udacity/extended_kalman_filter;
				USE_HEADERMAP = NO;
				WARNING_CFLAGS = ("-Wmost","-Wno-four-char-constants","-Wno-unknown-pragmas","$(inherited)");
			};
			name = MinSizeRel;
		};
		284DB29E274346979B6F5C3A /* Release */ = {
			isa = XCBuildConfiguration;
			buildSettings = {
				ONLY_ACTIVE_ARCH = YES;
				SDKROOT = /Library/Developer/CommandLineTools/SDKs/MacOSX10.13.sdk;
				SYMROOT = /Volumes/Transcend/Udacity/extended_kalman_filter/build;
			};
			name = Release;
		};
		39168A4A07CC4C1891C04D31 /* RelWithDebInfo */ = {
			isa = XCBuildConfiguration;
			buildSettings = {
				COMBINE_HIDPI_IMAGES = YES;
				GCC_GENERATE_DEBUGGING_SYMBOLS = YES;
				GCC_INLINES_ARE_PRIVATE_EXTERN = NO;
				GCC_OPTIMIZATION_LEVEL = 0;
				GCC_PREPROCESSOR_DEFINITIONS = ("'CMAKE_INTDIR=\"$(CONFIGURATION)$(EFFECTIVE_PLATFORM_NAME)\"'");
				GCC_SYMBOLS_PRIVATE_EXTERN = NO;
				HEADER_SEARCH_PATHS = (/usr/local/include,/usr/local/opt/openssl/include);
				INSTALL_PATH = "";
				OTHER_LDFLAGS = " ";
				OTHER_REZFLAGS = "";
				PRODUCT_NAME = ALL_BUILD;
				SECTORDER_FLAGS = "";
				SYMROOT = /Volumes/Transcend/Udacity/extended_kalman_filter;
				USE_HEADERMAP = NO;
				WARNING_CFLAGS = ("-Wmost","-Wno-four-char-constants","-Wno-unknown-pragmas","$(inherited)");
			};
			name = RelWithDebInfo;
		};
		42759282A00540B1AC8718C3 /* MinSizeRel */ = {
			isa = XCBuildConfiguration;
			buildSettings = {
				COMBINE_HIDPI_IMAGES = YES;
				EXECUTABLE_PREFIX = "";
				EXECUTABLE_SUFFIX = "";
				GCC_GENERATE_DEBUGGING_SYMBOLS = NO;
				GCC_INLINES_ARE_PRIVATE_EXTERN = NO;
				GCC_OPTIMIZATION_LEVEL = 0;
				GCC_PREPROCESSOR_DEFINITIONS = ("'CMAKE_INTDIR=\"$(CONFIGURATION)$(EFFECTIVE_PLATFORM_NAME)\"'");
				GCC_SYMBOLS_PRIVATE_EXTERN = NO;
				HEADER_SEARCH_PATHS = (/usr/local/include,/usr/local/opt/openssl/include);
				INSTALL_PATH = "";
				LD_RUNPATH_SEARCH_PATHS = "/usr/local/lib /usr/local/opt/openssl/lib /usr/local/Cellar/libuv/1*/lib";
				LIBRARY_SEARCH_PATHS = " /usr/local/lib/$(CONFIGURATION)$(EFFECTIVE_PLATFORM_NAME) /usr/local/lib /usr/local/opt/openssl/lib/$(CONFIGURATION)$(EFFECTIVE_PLATFORM_NAME) /usr/local/opt/openssl/lib /usr/local/Cellar/libuv/1*/lib/$(CONFIGURATION)$(EFFECTIVE_PLATFORM_NAME) /usr/local/Cellar/libuv/1*/lib";
				OTHER_CPLUSPLUSFLAGS = "   -std=c++11";
				OTHER_LDFLAGS = " -Wl,-search_paths_first -Wl,-headerpad_max_install_names  -lz -lssl -luv -luWS";
				OTHER_REZFLAGS = "";
				PRODUCT_NAME = ExtendedKF;
				SECTORDER_FLAGS = "";
				SYMROOT = /Volumes/Transcend/Udacity/extended_kalman_filter;
				USE_HEADERMAP = NO;
				WARNING_CFLAGS = ("-Wmost","-Wno-four-char-constants","-Wno-unknown-pragmas","$(inherited)");
			};
			name = MinSizeRel;
		};
		5EB60B617089454389870AB1 /* Debug */ = {
			isa = XCBuildConfiguration;
			buildSettings = {
				COMBINE_HIDPI_IMAGES = YES;
				GCC_GENERATE_DEBUGGING_SYMBOLS = YES;
				GCC_INLINES_ARE_PRIVATE_EXTERN = NO;
				GCC_OPTIMIZATION_LEVEL = 0;
				GCC_PREPROCESSOR_DEFINITIONS = ("'CMAKE_INTDIR=\"$(CONFIGURATION)$(EFFECTIVE_PLATFORM_NAME)\"'");
				GCC_SYMBOLS_PRIVATE_EXTERN = NO;
				HEADER_SEARCH_PATHS = (/usr/local/include,/usr/local/opt/openssl/include);
				INSTALL_PATH = "";
				OTHER_LDFLAGS = " ";
				OTHER_REZFLAGS = "";
				PRODUCT_NAME = ALL_BUILD;
				SECTORDER_FLAGS = "";
				SYMROOT = /Volumes/Transcend/Udacity/extended_kalman_filter;
				USE_HEADERMAP = NO;
				WARNING_CFLAGS = ("-Wmost","-Wno-four-char-constants","-Wno-unknown-pragmas","$(inherited)");
			};
			name = Debug;
		};
		7BDD146BC20A4E29AD5588EB /* Debug */ = {
			isa = XCBuildConfiguration;
			buildSettings = {
				COMBINE_HIDPI_IMAGES = YES;
				EXECUTABLE_PREFIX = "";
				EXECUTABLE_SUFFIX = "";
				GCC_GENERATE_DEBUGGING_SYMBOLS = NO;
				GCC_INLINES_ARE_PRIVATE_EXTERN = NO;
				GCC_OPTIMIZATION_LEVEL = 0;
				GCC_PREPROCESSOR_DEFINITIONS = ("'CMAKE_INTDIR=\"$(CONFIGURATION)$(EFFECTIVE_PLATFORM_NAME)\"'");
				GCC_SYMBOLS_PRIVATE_EXTERN = NO;
				HEADER_SEARCH_PATHS = (/usr/local/include,/usr/local/opt/openssl/include);
				INSTALL_PATH = "";
				LD_RUNPATH_SEARCH_PATHS = "/usr/local/lib /usr/local/opt/openssl/lib /usr/local/Cellar/libuv/1*/lib";
				LIBRARY_SEARCH_PATHS = " /usr/local/lib/$(CONFIGURATION)$(EFFECTIVE_PLATFORM_NAME) /usr/local/lib /usr/local/opt/openssl/lib/$(CONFIGURATION)$(EFFECTIVE_PLATFORM_NAME) /usr/local/opt/openssl/lib /usr/local/Cellar/libuv/1*/lib/$(CONFIGURATION)$(EFFECTIVE_PLATFORM_NAME) /usr/local/Cellar/libuv/1*/lib";
				OTHER_CPLUSPLUSFLAGS = "   -std=c++11";
				OTHER_LDFLAGS = " -Wl,-search_paths_first -Wl,-headerpad_max_install_names  -lz -lssl -luv -luWS";
				OTHER_REZFLAGS = "";
				PRODUCT_NAME = ExtendedKF;
				SECTORDER_FLAGS = "";
				SYMROOT = /Volumes/Transcend/Udacity/extended_kalman_filter;
				USE_HEADERMAP = NO;
				WARNING_CFLAGS = ("-Wmost","-Wno-four-char-constants","-Wno-unknown-pragmas","$(inherited)");
			};
			name = Debug;
		};
		7CB2771A6F494A0E8748D58A /* RelWithDebInfo */ = {
			isa = XCBuildConfiguration;
			buildSettings = {
				COMBINE_HIDPI_IMAGES = YES;
				EXECUTABLE_PREFIX = "";
				EXECUTABLE_SUFFIX = "";
				GCC_GENERATE_DEBUGGING_SYMBOLS = NO;
				GCC_INLINES_ARE_PRIVATE_EXTERN = NO;
				GCC_OPTIMIZATION_LEVEL = 0;
				GCC_PREPROCESSOR_DEFINITIONS = ("'CMAKE_INTDIR=\"$(CONFIGURATION)$(EFFECTIVE_PLATFORM_NAME)\"'");
				GCC_SYMBOLS_PRIVATE_EXTERN = NO;
				HEADER_SEARCH_PATHS = (/usr/local/include,/usr/local/opt/openssl/include);
				INSTALL_PATH = "";
				LD_RUNPATH_SEARCH_PATHS = "/usr/local/lib /usr/local/opt/openssl/lib /usr/local/Cellar/libuv/1*/lib";
				LIBRARY_SEARCH_PATHS = " /usr/local/lib/$(CONFIGURATION)$(EFFECTIVE_PLATFORM_NAME) /usr/local/lib /usr/local/opt/openssl/lib/$(CONFIGURATION)$(EFFECTIVE_PLATFORM_NAME) /usr/local/opt/openssl/lib /usr/local/Cellar/libuv/1*/lib/$(CONFIGURATION)$(EFFECTIVE_PLATFORM_NAME) /usr/local/Cellar/libuv/1*/lib";
				OTHER_CPLUSPLUSFLAGS = "   -std=c++11";
				OTHER_LDFLAGS = " -Wl,-search_paths_first -Wl,-headerpad_max_install_names  -lz -lssl -luv -luWS";
				OTHER_REZFLAGS = "";
				PRODUCT_NAME = ExtendedKF;
				SECTORDER_FLAGS = "";
				SYMROOT = /Volumes/Transcend/Udacity/extended_kalman_filter;
				USE_HEADERMAP = NO;
				WARNING_CFLAGS = ("-Wmost","-Wno-four-char-constants","-Wno-unknown-pragmas","$(inherited)");
			};
			name = RelWithDebInfo;
		};
		7D09DC6A1B77463E96F73D42 /* Release */ = {
			isa = XCBuildConfiguration;
			buildSettings = {
				COMBINE_HIDPI_IMAGES = YES;
				GCC_GENERATE_DEBUGGING_SYMBOLS = YES;
				GCC_INLINES_ARE_PRIVATE_EXTERN = NO;
				GCC_OPTIMIZATION_LEVEL = 0;
				GCC_PREPROCESSOR_DEFINITIONS = ("'CMAKE_INTDIR=\"$(CONFIGURATION)$(EFFECTIVE_PLATFORM_NAME)\"'");
				GCC_SYMBOLS_PRIVATE_EXTERN = NO;
				HEADER_SEARCH_PATHS = (/usr/local/include,/usr/local/opt/openssl/include);
				INSTALL_PATH = "";
				OTHER_LDFLAGS = " ";
				OTHER_REZFLAGS = "";
				PRODUCT_NAME = ALL_BUILD;
				SECTORDER_FLAGS = "";
				SYMROOT = /Volumes/Transcend/Udacity/extended_kalman_filter;
				USE_HEADERMAP = NO;
				WARNING_CFLAGS = ("-Wmost","-Wno-four-char-constants","-Wno-unknown-pragmas","$(inherited)");
			};
			name = Release;
		};
		A0F809A639E141F0825CDEAF /* MinSizeRel */ = {
			isa = XCBuildConfiguration;
			buildSettings = {
				COMBINE_HIDPI_IMAGES = YES;
				GCC_GENERATE_DEBUGGING_SYMBOLS = YES;
				GCC_INLINES_ARE_PRIVATE_EXTERN = NO;
				GCC_OPTIMIZATION_LEVEL = 0;
				GCC_PREPROCESSOR_DEFINITIONS = ("'CMAKE_INTDIR=\"$(CONFIGURATION)$(EFFECTIVE_PLATFORM_NAME)\"'");
				GCC_SYMBOLS_PRIVATE_EXTERN = NO;
				HEADER_SEARCH_PATHS = (/usr/local/include,/usr/local/opt/openssl/include);
				INSTALL_PATH = "";
				OTHER_LDFLAGS = " ";
				OTHER_REZFLAGS = "";
				PRODUCT_NAME = ZERO_CHECK;
				SECTORDER_FLAGS = "";
				SYMROOT = /Volumes/Transcend/Udacity/extended_kalman_filter;
				USE_HEADERMAP = NO;
				WARNING_CFLAGS = ("-Wmost","-Wno-four-char-constants","-Wno-unknown-pragmas","$(inherited)");
			};
			name = MinSizeRel;
		};
		A1F271B6E8E3445DB2B3E7C0 /* Debug */ = {
			isa = XCBuildConfiguration;
			buildSettings = {
				COMBINE_HIDPI_IMAGES = YES;
				GCC_GENERATE_DEBUGGING_SYMBOLS = YES;
				GCC_INLINES_ARE_PRIVATE_EXTERN = NO;
				GCC_OPTIMIZATION_LEVEL = 0;
				GCC_PREPROCESSOR_DEFINITIONS = ("'CMAKE_INTDIR=\"$(CONFIGURATION)$(EFFECTIVE_PLATFORM_NAME)\"'");
				GCC_SYMBOLS_PRIVATE_EXTERN = NO;
				HEADER_SEARCH_PATHS = (/usr/local/include,/usr/local/opt/openssl/include);
				INSTALL_PATH = "";
				OTHER_LDFLAGS = " ";
				OTHER_REZFLAGS = "";
				PRODUCT_NAME = ZERO_CHECK;
				SECTORDER_FLAGS = "";
				SYMROOT = /Volumes/Transcend/Udacity/extended_kalman_filter;
				USE_HEADERMAP = NO;
				WARNING_CFLAGS = ("-Wmost","-Wno-four-char-constants","-Wno-unknown-pragmas","$(inherited)");
			};
			name = Debug;
		};
		BFEAA63D2D6F43DFAB19E4B1 /* Release */ = {
			isa = XCBuildConfiguration;
			buildSettings = {
				COMBINE_HIDPI_IMAGES = YES;
				GCC_GENERATE_DEBUGGING_SYMBOLS = YES;
				GCC_INLINES_ARE_PRIVATE_EXTERN = NO;
				GCC_OPTIMIZATION_LEVEL = 0;
				GCC_PREPROCESSOR_DEFINITIONS = ("'CMAKE_INTDIR=\"$(CONFIGURATION)$(EFFECTIVE_PLATFORM_NAME)\"'");
				GCC_SYMBOLS_PRIVATE_EXTERN = NO;
				HEADER_SEARCH_PATHS = (/usr/local/include,/usr/local/opt/openssl/include);
				INSTALL_PATH = "";
				OTHER_LDFLAGS = " ";
				OTHER_REZFLAGS = "";
				PRODUCT_NAME = ZERO_CHECK;
				SECTORDER_FLAGS = "";
				SYMROOT = /Volumes/Transcend/Udacity/extended_kalman_filter;
				USE_HEADERMAP = NO;
				WARNING_CFLAGS = ("-Wmost","-Wno-four-char-constants","-Wno-unknown-pragmas","$(inherited)");
			};
			name = Release;
		};
		C53ECC0B95734B64A83E824D /* RelWithDebInfo */ = {
			isa = XCBuildConfiguration;
			buildSettings = {
				COMBINE_HIDPI_IMAGES = YES;
				GCC_GENERATE_DEBUGGING_SYMBOLS = YES;
				GCC_INLINES_ARE_PRIVATE_EXTERN = NO;
				GCC_OPTIMIZATION_LEVEL = 0;
				GCC_PREPROCESSOR_DEFINITIONS = ("'CMAKE_INTDIR=\"$(CONFIGURATION)$(EFFECTIVE_PLATFORM_NAME)\"'");
				GCC_SYMBOLS_PRIVATE_EXTERN = NO;
				HEADER_SEARCH_PATHS = (/usr/local/include,/usr/local/opt/openssl/include);
				INSTALL_PATH = "";
				OTHER_LDFLAGS = " ";
				OTHER_REZFLAGS = "";
				PRODUCT_NAME = ZERO_CHECK;
				SECTORDER_FLAGS = "";
				SYMROOT = /Volumes/Transcend/Udacity/extended_kalman_filter;
				USE_HEADERMAP = NO;
				WARNING_CFLAGS = ("-Wmost","-Wno-four-char-constants","-Wno-unknown-pragmas","$(inherited)");
			};
			name = RelWithDebInfo;
		};
		E19EB58FA9694B7A971FFAC5 /* Release */ = {
			isa = XCBuildConfiguration;
			buildSettings = {
				COMBINE_HIDPI_IMAGES = YES;
				EXECUTABLE_PREFIX = "";
				EXECUTABLE_SUFFIX = "";
				GCC_GENERATE_DEBUGGING_SYMBOLS = NO;
				GCC_INLINES_ARE_PRIVATE_EXTERN = NO;
				GCC_OPTIMIZATION_LEVEL = 0;
				GCC_PREPROCESSOR_DEFINITIONS = ("'CMAKE_INTDIR=\"$(CONFIGURATION)$(EFFECTIVE_PLATFORM_NAME)\"'");
				GCC_SYMBOLS_PRIVATE_EXTERN = NO;
				HEADER_SEARCH_PATHS = (/usr/local/include,/usr/local/opt/openssl/include);
				INSTALL_PATH = "";
				LD_RUNPATH_SEARCH_PATHS = "/usr/local/lib /usr/local/opt/openssl/lib /usr/local/Cellar/libuv/1*/lib";
				LIBRARY_SEARCH_PATHS = " /usr/local/lib/$(CONFIGURATION)$(EFFECTIVE_PLATFORM_NAME) /usr/local/lib /usr/local/opt/openssl/lib/$(CONFIGURATION)$(EFFECTIVE_PLATFORM_NAME) /usr/local/opt/openssl/lib /usr/local/Cellar/libuv/1*/lib/$(CONFIGURATION)$(EFFECTIVE_PLATFORM_NAME) /usr/local/Cellar/libuv/1*/lib";
				OTHER_CPLUSPLUSFLAGS = "   -std=c++11";
				OTHER_LDFLAGS = " -Wl,-search_paths_first -Wl,-headerpad_max_install_names  -lz -lssl -luv -luWS";
				OTHER_REZFLAGS = "";
				PRODUCT_NAME = ExtendedKF;
				SECTORDER_FLAGS = "";
				SYMROOT = /Volumes/Transcend/Udacity/extended_kalman_filter;
				USE_HEADERMAP = NO;
				WARNING_CFLAGS = ("-Wmost","-Wno-four-char-constants","-Wno-unknown-pragmas","$(inherited)");
			};
			name = Release;
		};
		E320D1DA539D453381CDEC63 /* Debug */ = {
			isa = XCBuildConfiguration;
			buildSettings = {
				ONLY_ACTIVE_ARCH = YES;
				SDKROOT = /Library/Developer/CommandLineTools/SDKs/MacOSX10.13.sdk;
				SYMROOT = /Volumes/Transcend/Udacity/extended_kalman_filter/build;
			};
			name = Debug;
		};
/* End XCBuildConfiguration section */

/* Begin XCConfigurationList section */
		03BE74AFB155489CA66700C5 /* Build configuration list for PBXProject "ExtendedKF" */ = {
			isa = XCConfigurationList;
			buildConfigurations = (
				E320D1DA539D453381CDEC63 /* Debug */,
				284DB29E274346979B6F5C3A /* Release */,
				103932A98DE849EA9467811F /* MinSizeRel */,
				0A6A7BD6E9F4419B8E258822 /* RelWithDebInfo */,
			);
			defaultConfigurationIsVisible = 0;
			defaultConfigurationName = Debug;
		};
		09EACCA1C43F4A2AA721B549 /* Build configuration list for PBXAggregateTarget "ZERO_CHECK" */ = {
			isa = XCConfigurationList;
			buildConfigurations = (
				A1F271B6E8E3445DB2B3E7C0 /* Debug */,
				BFEAA63D2D6F43DFAB19E4B1 /* Release */,
				A0F809A639E141F0825CDEAF /* MinSizeRel */,
				C53ECC0B95734B64A83E824D /* RelWithDebInfo */,
			);
			defaultConfigurationIsVisible = 0;
			defaultConfigurationName = Debug;
		};
		92472A60E0084C22B4EB049B /* Build configuration list for PBXAggregateTarget "ALL_BUILD" */ = {
			isa = XCConfigurationList;
			buildConfigurations = (
				5EB60B617089454389870AB1 /* Debug */,
				7D09DC6A1B77463E96F73D42 /* Release */,
				1B554A8ED6C4441C8292F588 /* MinSizeRel */,
				39168A4A07CC4C1891C04D31 /* RelWithDebInfo */,
			);
			defaultConfigurationIsVisible = 0;
			defaultConfigurationName = Debug;
		};
		AFCDEC55776046E39B6654F0 /* Build configuration list for PBXNativeTarget "ExtendedKF" */ = {
			isa = XCConfigurationList;
			buildConfigurations = (
				7BDD146BC20A4E29AD5588EB /* Debug */,
				E19EB58FA9694B7A971FFAC5 /* Release */,
				42759282A00540B1AC8718C3 /* MinSizeRel */,
				7CB2771A6F494A0E8748D58A /* RelWithDebInfo */,
			);
			defaultConfigurationIsVisible = 0;
			defaultConfigurationName = Debug;
		};
/* End XCConfigurationList section */
	};
	rootObject = FB073E6233134DE995B0C959 /* Project object */;
}
